
Microsoft Visual Studio Solution File, Format Version 12.00
# Visual Studio Version 16
VisualStudioVersion = 16.0.29509.3
MinimumVisualStudioVersion = 10.0.40219.1
Project("{8BC9CEB8-8B4A-11D0-8D11-00A0C91BC942}") = "AdaptiveMusic", "AdaptiveMusic\AdaptiveMusic.vcxproj", "{7D211F66-1C53-4355-9982-1DA673049A29}"
EndProject
Global
	GlobalSection(SolutionConfigurationPlatforms) = preSolution
		Debug|x64 = Debug|x64
		Debug|x86 = Debug|x86
		Release|x64 = Release|x64
		Release|x86 = Release|x86
	EndGlobalSection
	GlobalSection(ProjectConfigurationPlatforms) = postSolution
		{7D211F66-1C53-4355-9982-1DA673049A29}.Debug|x64.ActiveCfg = Debug|x64
		{7D211F66-1C53-4355-9982-1DA673049A29}.Debug|x64.Build.0 = Debug|x64
		{7D211F66-1C53-4355-9982-1DA673049A29}.Debug|x86.ActiveCfg = Debug|Win32
		{7D211F66-1C53-4355-9982-1DA673049A29}.Debug|x86.Build.0 = Debug|Win32
		{7D211F66-1C53-4355-9982-1DA673049A29}.Release|x64.ActiveCfg = Release|x64
		{7D211F66-1C53-4355-9982-1DA673049A29}.Release|x64.Build.0 = Release|x64
		{7D211F66-1C53-4355-9982-1DA673049A29}.Release|x86.ActiveCfg = Release|Win32
		{7D211F66-1C53-4355-9982-1DA673049A29}.Release|x86.Build.0 = Release|Win32
	EndGlobalSection
	GlobalSection(SolutionProperties) = preSolution
		HideSolutionNode = FALSE
	EndGlobalSection
	GlobalSection(ExtensibilityGlobals) = postSolution
		SolutionGuid = {56F8F6AC-98C8-43AF-9392-D90323C4AF3E}
	EndGlobalSection
EndGlobal
